PODS:
  - appsflyer_sdk (6.18.0):
    - appsflyer_sdk/Core (= 6.18.0)
  - appsflyer_sdk/Core (6.18.0):
    - AppsFlyerFramework (= 6.18.0)
    - Flutter
  - AppsFlyerFramework (6.18.0):
    - AppsFlyerFramework/Main (= 6.18.0)
  - AppsFlyerFramework/Main (6.18.0)
  - Flutter (1.0.0)

DEPENDENCIES:
  - appsflyer_sdk (from `.symlinks/plugins/appsflyer_sdk/ios`)
  - Flutter (from `Flutter`)

SPEC REPOS:
  trunk:
    - AppsFlyerFramework

EXTERNAL SOURCES:
  appsflyer_sdk:
    :path: ".symlinks/plugins/appsflyer_sdk/ios"
  Flutter:
    :path: Flutter

SPEC CHECKSUMS:
  appsflyer_sdk: 334ef01a9d1a1b1483ef092c729da0bbd2f115c3
  AppsFlyerFramework: c1e1e4cd3b98ffdca2fe32b17ae93909e409b6ab
  Flutter: cabc95a1d2626b1b06e7179b784ebcf0c0cde467

PODFILE CHECKSUM: a4f9b27965736b5595866e500e6540b7c1a614de

COCOAPODS: 1.17.0
